// !$*UTF8*$!
{
	archiveVersion = 1;
	classes = {
	};
	objectVersion = 50;
	objects = {

/* Begin PBXBuildFile section */
		C6D27F3A24AB95FF006B0834 /* clapping sound.mp3 in Resources */ = {isa = PBXBuildFile; fileRef = C6D27F3924AB95FF006B0834 /* clapping sound.mp3 */; };
		C6E84B6024AA5594008DFF57 /* background music.mp3 in Resources */ = {isa = PBXBuildFile; fileRef = C6E84B5F24AA5594008DFF57 /* background music.mp3 */; };
		C6E84B6224AA59C3008DFF57 /* suspense music.mp3 in Resources */ = {isa = PBXBuildFile; fileRef = C6E84B6124AA59C3008DFF57 /* suspense music.mp3 */; };
		C6E84B6424AA5D4A008DFF57 /* drum sound.mp3 in Resources */ = {isa = PBXBuildFile; fileRef = C6E84B6324AA5D4A008DFF57 /* drum sound.mp3 */; };
		C6E84B6624AA800F008DFF57 /* UIbutton animation (shake).swift in Sources */ = {isa = PBXBuildFile; fileRef = C6E84B6524AA800F008DFF57 /* UIbutton animation (shake).swift */; };
		C6F50E0C24A7DE4600DCAF0E /* AppDelegate.swift in Sources */ = {isa = PBXBuildFile; fileRef = C6F50E0B24A7DE4600DCAF0E /* AppDelegate.swift */; };
		C6F50E0E24A7DE4600DCAF0E /* SceneDelegate.swift in Sources */ = {isa = PBXBuildFile; fileRef = C6F50E0D24A7DE4600DCAF0E /* SceneDelegate.swift */; };
		C6F50E1024A7DE4600DCAF0E /* ViewController.swift in Sources */ = {isa = PBXBuildFile; fileRef = C6F50E0F24A7DE4600DCAF0E /* ViewController.swift */; };
		C6F50E1324A7DE4600DCAF0E /* Main.storyboard in Resources */ = {isa = PBXBuildFile; fileRef = C6F50E1124A7DE4600DCAF0E /* Main.storyboard */; };
		C6F50E1524A7DE4800DCAF0E /* Assets.xcassets in Resources */ = {isa = PBXBuildFile; fileRef = C6F50E1424A7DE4800DCAF0E /* Assets.xcassets */; };
		C6F50E1824A7DE4800DCAF0E /* LaunchScreen.storyboard in Resources */ = {isa = PBXBuildFile; fileRef = C6F50E1624A7DE4800DCAF0E /* LaunchScreen.storyboard */; };
/* End PBXBuildFile section */

/* Begin PBXFileReference section */
		C6D27F3924AB95FF006B0834 /* clapping sound.mp3 */ = {isa = PBXFileReference; lastKnownFileType = audio.mp3; path = "clapping sound.mp3"; sourceTree = "<group>"; };
		C6E84B5F24AA5594008DFF57 /* background music.mp3 */ = {isa = PBXFileReference; lastKnownFileType = audio.mp3; path = "background music.mp3"; sourceTree = "<group>"; };
		C6E84B6124AA59C3008DFF57 /* suspense music.mp3 */ = {isa = PBXFileReference; lastKnownFileType = audio.mp3; path = "suspense music.mp3"; sourceTree = "<group>"; };
		C6E84B6324AA5D4A008DFF57 /* drum sound.mp3 */ = {isa = PBXFileReference; lastKnownFileType = audio.mp3; path = "drum sound.mp3"; sourceTree = "<group>"; };
		C6E84B6524AA800F008DFF57 /* UIbutton animation (shake).swift */ = {isa = PBXFileReference; lastKnownFileType = sourcecode.swift; path = "UIbutton animation (shake).swift"; sourceTree = "<group>"; };
		C6F50E0824A7DE4600DCAF0E /* X-O.app */ = {isa = PBXFileReference; explicitFileType = wrapper.application; includeInIndex = 0; path = "X-O.app"; sourceTree = BUILT_PRODUCTS_DIR; };
		C6F50E0B24A7DE4600DCAF0E /* AppDelegate.swift */ = {isa = PBXFileReference; lastKnownFileType = sourcecode.swift; path = AppDelegate.swift; sourceTree = "<group>"; };
		C6F50E0D24A7DE4600DCAF0E /* SceneDelegate.swift */ = {isa = PBXFileReference; lastKnownFileType = sourcecode.swift; path = SceneDelegate.swift; sourceTree = "<group>"; };
		C6F50E0F24A7DE4600DCAF0E /* ViewController.swift */ = {isa = PBXFileReference; lastKnownFileType = sourcecode.swift; path = ViewController.swift; sourceTree = "<group>"; };
		C6F50E1224A7DE4600DCAF0E /* Base */ = {isa = PBXFileReference; lastKnownFileType = file.storyboard; name = Base; path = Base.lproj/Main.storyboard; sourceTree = "<group>"; };
		C6F50E1424A7DE4800DCAF0E /* Assets.xcassets */ = {isa = PBXFileReference; lastKnownFileType = folder.assetcatalog; path = Assets.xcassets; sourceTree = "<group>"; };
		C6F50E1724A7DE4800DCAF0E /* Base */ = {isa = PBXFileReference; lastKnownFileType = file.storyboard; name = Base; path = Base.lproj/LaunchScreen.storyboard; sourceTree = "<group>"; };
		C6F50E1924A7DE4800DCAF0E /* Info.plist */ = {isa = PBXFileReference; lastKnownFileType = text.plist.xml; path = Info.plist; sourceTree = "<group>"; };
/* End PBXFileReference section */

/* Begin PBXFrameworksBuildPhase section */
		C6F50E0524A7DE4600DCAF0E /* Frameworks */ = {
			isa = PBXFrameworksBuildPhase;
			buildActionMask = 2147483647;
			files = (
			);
			runOnlyForDeploymentPostprocessing = 0;
		};
/* End PBXFrameworksBuildPhase section */

/* Begin PBXGroup section */
		C6E84B5E24AA5578008DFF57 /* music */ = {
			isa = PBXGroup;
			children = (
				C6E84B5F24AA5594008DFF57 /* background music.mp3 */,
				C6E84B6124AA59C3008DFF57 /* suspense music.mp3 */,
				C6E84B6324AA5D4A008DFF57 /* drum sound.mp3 */,
				C6D27F3924AB95FF006B0834 /* clapping sound.mp3 */,
			);
			path = music;
			sourceTree = "<group>";
		};
		C6F50DFF24A7DE4600DCAF0E = {
			isa = PBXGroup;
			children = (
				C6F50E0A24A7DE4600DCAF0E /* iOS-cw5-X-O */,
				C6F50E0924A7DE4600DCAF0E /* Products */,
			);
			sourceTree = "<group>";
		};
		C6F50E0924A7DE4600DCAF0E /* Products */ = {
			isa = PBXGroup;
			children = (
				C6F50E0824A7DE4600DCAF0E /* X-O.app */,
			);
			name = Products;
			sourceTree = "<group>";
		};
		C6F50E0A24A7DE4600DCAF0E /* iOS-cw5-X-O */ = {
			isa = PBXGroup;
			children = (
				C6E84B5E24AA5578008DFF57 /* music */,
				C6F50E0B24A7DE4600DCAF0E /* AppDelegate.swift */,
				C6F50E0D24A7DE4600DCAF0E /* SceneDelegate.swift */,
				C6F50E0F24A7DE4600DCAF0E /* ViewController.swift */,
				C6F50E1124A7DE4600DCAF0E /* Main.storyboard */,
				C6F50E1424A7DE4800DCAF0E /* Assets.xcassets */,
				C6F50E1624A7DE4800DCAF0E /* LaunchScreen.storyboard */,
				C6F50E1924A7DE4800DCAF0E /* Info.plist */,
				C6E84B6524AA800F008DFF57 /* UIbutton animation (shake).swift */,
			);
			path = "iOS-cw5-X-O";
			sourceTree = "<group>";
		};
/* End PBXGroup section */

/* Begin PBXNativeTarget section */
		C6F50E0724A7DE4600DCAF0E /* iOS-cw5-X-O */ = {
			isa = PBXNativeTarget;
			buildConfigurationList = C6F50E1C24A7DE4800DCAF0E /* Build configuration list for PBXNativeTarget "iOS-cw5-X-O" */;
			buildPhases = (
				C6F50E0424A7DE4600DCAF0E /* Sources */,
				C6F50E0524A7DE4600DCAF0E /* Frameworks */,
				C6F50E0624A7DE4600DCAF0E /* Resources */,
			);
			buildRules = (
			);
			dependencies = (
			);
			name = "iOS-cw5-X-O";
			productName = "iOS-cw5-X-O";
			productReference = C6F50E0824A7DE4600DCAF0E /* X-O.app */;
			productType = "com.apple.product-type.application";
		};
/* End PBXNativeTarget section */

/* Begin PBXProject section */
		C6F50E0024A7DE4600DCAF0E /* Project object */ = {
			isa = PBXProject;
			attributes = {
				LastSwiftUpdateCheck = 1150;
				LastUpgradeCheck = 1150;
				ORGANIZATIONNAME = "fatimah alenezi";
				TargetAttributes = {
					C6F50E0724A7DE4600DCAF0E = {
						CreatedOnToolsVersion = 11.5;
					};
				};
			};
			buildConfigurationList = C6F50E0324A7DE4600DCAF0E /* Build configuration list for PBXProject "iOS-cw5-X-O" */;
			compatibilityVersion = "Xcode 9.3";
			developmentRegion = en;
			hasScannedForEncodings = 0;
			knownRegions = (
				en,
				Base,
			);
			mainGroup = C6F50DFF24A7DE4600DCAF0E;
			productRefGroup = C6F50E0924A7DE4600DCAF0E /* Products */;
			projectDirPath = "";
			projectRoot = "";
			targets = (
				C6F50E0724A7DE4600DCAF0E /* iOS-cw5-X-O */,
			);
		};
/* End PBXProject section */

/* Begin PBXResourcesBuildPhase section */
		C6F50E0624A7DE4600DCAF0E /* Resources */ = {
			isa = PBXResourcesBuildPhase;
			buildActionMask = 2147483647;
			files = (
				C6E84B6224AA59C3008DFF57 /* suspense music.mp3 in Resources */,
				C6E84B6424AA5D4A008DFF57 /* drum sound.mp3 in Resources */,
				C6D27F3A24AB95FF006B0834 /* clapping sound.mp3 in Resources */,
				C6F50E1824A7DE4800DCAF0E /* LaunchScreen.storyboard in Resources */,
				C6F50E1524A7DE4800DCAF0E /* Assets.xcassets in Resources */,
				C6F50E1324A7DE4600DCAF0E /* Main.storyboard in Resources */,
				C6E84B6024AA5594008DFF57 /* background music.mp3 in Resources */,
			);
			runOnlyForDeploymentPostprocessing = 0;
		};
/* End PBXResourcesBuildPhase section */

/* Begin PBXSourcesBuildPhase section */
		C6F50E0424A7DE4600DCAF0E /* Sources */ = {
			isa = PBXSourcesBuildPhase;
			buildActionMask = 2147483647;
			files = (
				C6E84B6624AA800F008DFF57 /* UIbutton animation (shake).swift in Sources */,
				C6F50E1024A7DE4600DCAF0E /* ViewController.swift in Sources */,
				C6F50E0C24A7DE4600DCAF0E /* AppDelegate.swift in Sources */,
				C6F50E0E24A7DE4600DCAF0E /* SceneDelegate.swift in Sources */,
			);
			runOnlyForDeploymentPostprocessing = 0;
		};
/* End PBXSourcesBuildPhase section */

/* Begin PBXVariantGroup section */
		C6F50E1124A7DE4600DCAF0E /* Main.storyboard */ = {
			isa = PBXVariantGroup;
			children = (
				C6F50E1224A7DE4600DCAF0E /* Base */,
			);
			name = Main.storyboard;
			sourceTree = "<group>";
		};
		C6F50E1624A7DE4800DCAF0E /* LaunchScreen.storyboard */ = {
			isa = PBXVariantGroup;
			children = (
				C6F50E1724A7DE4800DCAF0E /* Base */,
			);
			name = LaunchScreen.storyboard;
			sourceTree = "<group>";
		};
/* End PBXVariantGroup section */

/* Begin XCBuildConfiguration section */
		C6F50E1A24A7DE4800DCAF0E /* Debug */ = {
			isa = XCBuildConfiguration;
			buildSettings = {
				ALWAYS_SEARCH_USER_PATHS = NO;
				CLANG_ANALYZER_NONNULL = YES;
				CLANG_ANALYZER_NUMBER_OBJECT_CONVERSION = YES_AGGRESSIVE;
				CLANG_CXX_LANGUAGE_STANDARD = "gnu++14";
				CLANG_CXX_LIBRARY = "libc++";
				CLANG_ENABLE_MODULES = YES;
				CLANG_ENABLE_OBJC_ARC = YES;
				CLANG_ENABLE_OBJC_WEAK = YES;
				CLANG_WARN_BLOCK_CAPTURE_AUTORELEASING = YES;
				CLANG_WARN_BOOL_CONVERSION = YES;
				CLANG_WARN_COMMA = YES;
				CLANG_WARN_CONSTANT_CONVERSION = YES;
				CLANG_WARN_DEPRECATED_OBJC_IMPLEMENTATIONS = YES;
				CLANG_WARN_DIRECT_OBJC_ISA_USAGE = YES_ERROR;
				CLANG_WARN_DOCUMENTATION_COMMENTS = YES;
				CLANG_WARN_EMPTY_BODY = YES;
				CLANG_WARN_ENUM_CONVERSION = YES;
				CLANG_WARN_INFINITE_RECURSION = YES;
				CLANG_WARN_INT_CONVERSION = YES;
				CLANG_WARN_NON_LITERAL_NULL_CONVERSION = YES;
				CLANG_WARN_OBJC_IMPLICIT_RETAIN_SELF = YES;
				CLANG_WARN_OBJC_LITERAL_CONVERSION = YES;
				CLANG_WARN_OBJC_ROOT_CLASS = YES_ERROR;
				CLANG_WARN_RANGE_LOOP_ANALYSIS = YES;
				CLANG_WARN_STRICT_PROTOTYPES = YES;
				CLANG_WARN_SUSPICIOUS_MOVE = YES;
				CLANG_WARN_UNGUARDED_AVAILABILITY = YES_AGGRESSIVE;
				CLANG_WARN_UNREACHABLE_CODE = YES;
				CLANG_WARN__DUPLICATE_METHOD_MATCH = YES;
				COPY_PHASE_STRIP = NO;
				DEBUG_INFORMATION_FORMAT = dwarf;
				ENABLE_STRICT_OBJC_MSGSEND = YES;
				ENABLE_TESTABILITY = YES;
				GCC_C_LANGUAGE_STANDARD = gnu11;
				GCC_DYNAMIC_NO_PIC = NO;
				GCC_NO_COMMON_BLOCKS = YES;
				GCC_OPTIMIZATION_LEVEL = 0;
				GCC_PREPROCESSOR_DEFINITIONS = (
					"DEBUG=1",
					"$(inherited)",
				);
				GCC_WARN_64_TO_32_BIT_CONVERSION = YES;
				GCC_WARN_ABOUT_RETURN_TYPE = YES_ERROR;
				GCC_WARN_UNDECLARED_SELECTOR = YES;
				GCC_WARN_UNINITIALIZED_AUTOS = YES_AGGRESSIVE;
				GCC_WARN_UNUSED_FUNCTION = YES;
				GCC_WARN_UNUSED_VARIABLE = YES;
				IPHONEOS_DEPLOYMENT_TARGET = 13.5;
				MTL_ENABLE_DEBUG_INFO = INCLUDE_SOURCE;
				MTL_FAST_MATH = YES;
				ONLY_ACTIVE_ARCH = YES;
				SDKROOT = iphoneos;
				SWIFT_ACTIVE_COMPILATION_CONDITIONS = DEBUG;
				SWIFT_OPTIMIZATION_LEVEL = "-Onone";
			};
			name = Debug;
		};
		C6F50E1B24A7DE4800DCAF0E /* Release */ = {
			isa = XCBuildConfiguration;
			buildSettings = {
				ALWAYS_SEARCH_USER_PATHS = NO;
				CLANG_ANALYZER_NONNULL = YES;
				CLANG_ANALYZER_NUMBER_OBJECT_CONVERSION = YES_AGGRESSIVE;
				CLANG_CXX_LANGUAGE_STANDARD = "gnu++14";
				CLANG_CXX_LIBRARY = "libc++";
				CLANG_ENABLE_MODULES = YES;
				CLANG_ENABLE_OBJC_ARC = YES;
				CLANG_ENABLE_OBJC_WEAK = YES;
				CLANG_WARN_BLOCK_CAPTURE_AUTORELEASING = YES;
				CLANG_WARN_BOOL_CONVERSION = YES;
				CLANG_WARN_COMMA = YES;
				CLANG_WARN_CONSTANT_CONVERSION = YES;
				CLANG_WARN_DEPRECATED_OBJC_IMPLEMENTATIONS = YES;
				CLANG_WARN_DIRECT_OBJC_ISA_USAGE = YES_ERROR;
				CLANG_WARN_DOCUMENTATION_COMMENTS = YES;
				CLANG_WARN_EMPTY_BODY = YES;
				CLANG_WARN_ENUM_CONVERSION = YES;
				CLANG_WARN_INFINITE_RECURSION = YES;
				CLANG_WARN_INT_CONVERSION = YES;
				CLANG_WARN_NON_LITERAL_NULL_CONVERSION = YES;
				CLANG_WARN_OBJC_IMPLICIT_RETAIN_SELF = YES;
				CLANG_WARN_OBJC_LITERAL_CONVERSION = YES;
				CLANG_WARN_OBJC_ROOT_CLASS = YES_ERROR;
				CLANG_WARN_RANGE_LOOP_ANALYSIS = YES;
				CLANG_WARN_STRICT_PROTOTYPES = YES;
				CLANG_WARN_SUSPICIOUS_MOVE = YES;
				CLANG_WARN_UNGUARDED_AVAILABILITY = YES_AGGRESSIVE;
				CLANG_WARN_UNREACHABLE_CODE = YES;
				CLANG_WARN__DUPLICATE_METHOD_MATCH = YES;
				COPY_PHASE_STRIP = NO;
				DEBUG_INFORMATION_FORMAT = "dwarf-with-dsym";
				ENABLE_NS_ASSERTIONS = NO;
				ENABLE_STRICT_OBJC_MSGSEND = YES;
				GCC_C_LANGUAGE_STANDARD = gnu11;
				GCC_NO_COMMON_BLOCKS = YES;
				GCC_WARN_64_TO_32_BIT_CONVERSION = YES;
				GCC_WARN_ABOUT_RETURN_TYPE = YES_ERROR;
				GCC_WARN_UNDECLARED_SELECTOR = YES;
				GCC_WARN_UNINITIALIZED_AUTOS = YES_AGGRESSIVE;
				GCC_WARN_UNUSED_FUNCTION = YES;
				GCC_WARN_UNUSED_VARIABLE = YES;
				IPHONEOS_DEPLOYMENT_TARGET = 13.5;
				MTL_ENABLE_DEBUG_INFO = NO;
				MTL_FAST_MATH = YES;
				SDKROOT = iphoneos;
				SWIFT_COMPILATION_MODE = wholemodule;
				SWIFT_OPTIMIZATION_LEVEL = "-O";
				VALIDATE_PRODUCT = YES;
			};
			name = Release;
		};
		C6F50E1D24A7DE4800DCAF0E /* Debug */ = {
			isa = XCBuildConfiguration;
			buildSettings = {
				ASSETCATALOG_COMPILER_APPICON_NAME = AppIcon;
				CODE_SIGN_STYLE = Automatic;
				INFOPLIST_FILE = "iOS-cw5-X-O/Info.plist";
				LD_RUNPATH_SEARCH_PATHS = (
					"$(inherited)",
					"@executable_path/Frameworks",
				);
				PRODUCT_BUNDLE_IDENTIFIER = "fatimah.iOS-cw5-X-O54643";
				PRODUCT_NAME = "X-O";
				SWIFT_VERSION = 5.0;
				TARGETED_DEVICE_FAMILY = 1;
			};
			name = Debug;
		};
		C6F50E1E24A7DE4800DCAF0E /* Release */ = {
			isa = XCBuildConfiguration;
			buildSettings = {
				ASSETCATALOG_COMPILER_APPICON_NAME = AppIcon;
				CODE_SIGN_STYLE = Automatic;
				INFOPLIST_FILE = "iOS-cw5-X-O/Info.plist";
				LD_RUNPATH_SEARCH_PATHS = (
					"$(inherited)",
					"@executable_path/Frameworks",
				);
				PRODUCT_BUNDLE_IDENTIFIER = "fatimah.iOS-cw5-X-O54643";
				PRODUCT_NAME = "X-O";
				SWIFT_VERSION = 5.0;
				TARGETED_DEVICE_FAMILY = 1;
			};
			name = Release;
		};
/* End XCBuildConfiguration section */

/* Begin XCConfigurationList section */
		C6F50E0324A7DE4600DCAF0E /* Build configuration list for PBXProject "iOS-cw5-X-O" */ = {
			isa = XCConfigurationList;
			buildConfigurations = (
				C6F50E1A24A7DE4800DCAF0E /* Debug */,
				C6F50E1B24A7DE4800DCAF0E /* Release */,
			);
			defaultConfigurationIsVisible = 0;
			defaultConfigurationName = Release;
		};
		C6F50E1C24A7DE4800DCAF0E /* Build configuration list for PBXNativeTarget "iOS-cw5-X-O" */ = {
			isa = XCConfigurationList;
			buildConfigurations = (
				C6F50E1D24A7DE4800DCAF0E /* Debug */,
				C6F50E1E24A7DE4800DCAF0E /* Release */,
			);
			defaultConfigurationIsVisible = 0;
			defaultConfigurationName = Release;
		};
/* End XCConfigurationList section */
	};
	rootObject = C6F50E0024A7DE4600DCAF0E /* Project object */;
}
